
Microsoft Visual Studio Solution File, Format Version 12.00
# Visual Studio Version 16
VisualStudioVersion = 16.0.29102.190
MinimumVisualStudioVersion = 10.0.40219.1
Project("{888888A0-9F3D-457C-B088-3A5042F75D52}") = "atlag", "atlag\atlag.pyproj", "{F87953A4-D647-4FDE-A378-F1DFA6998E65}"
EndProject
Global
	GlobalSection(SolutionConfigurationPlatforms) = preSolution
		Debug|Any CPU = Debug|Any CPU
		Release|Any CPU = Release|Any CPU
	EndGlobalSection
	GlobalSection(ProjectConfigurationPlatforms) = postSolution
		{F87953A4-D647-4FDE-A378-F1DFA6998E65}.Debug|Any CPU.ActiveCfg = Debug|Any CPU
		{F87953A4-D647-4FDE-A378-F1DFA6998E65}.Release|Any CPU.ActiveCfg = Release|Any CPU
	EndGlobalSection
	GlobalSection(SolutionProperties) = preSolution
		HideSolutionNode = FALSE
	EndGlobalSection
	GlobalSection(ExtensibilityGlobals) = postSolution
		SolutionGuid = {0A486032-DC40-4210-BD3A-DAEB1D989ECC}
	EndGlobalSection
EndGlobal
