
Microsoft Visual Studio Solution File, Format Version 12.00
# Visual Studio Version 16
VisualStudioVersion = 16.0.29102.190
MinimumVisualStudioVersion = 10.0.40219.1
Project("{888888A0-9F3D-457C-B088-3A5042F75D52}") = "feladat4", "feladat4\feladat4.pyproj", "{1F971129-EE93-42E6-823B-B49D3ADBD6AF}"
EndProject
Global
	GlobalSection(SolutionConfigurationPlatforms) = preSolution
		Debug|Any CPU = Debug|Any CPU
		Release|Any CPU = Release|Any CPU
	EndGlobalSection
	GlobalSection(ProjectConfigurationPlatforms) = postSolution
		{1F971129-EE93-42E6-823B-B49D3ADBD6AF}.Debug|Any CPU.ActiveCfg = Debug|Any CPU
		{1F971129-EE93-42E6-823B-B49D3ADBD6AF}.Release|Any CPU.ActiveCfg = Release|Any CPU
	EndGlobalSection
	GlobalSection(SolutionProperties) = preSolution
		HideSolutionNode = FALSE
	EndGlobalSection
	GlobalSection(ExtensibilityGlobals) = postSolution
		SolutionGuid = {2B625E0C-3DB2-432C-B164-933BE11F56BD}
	EndGlobalSection
EndGlobal
