
Microsoft Visual Studio Solution File, Format Version 12.00
# Visual Studio Version 16
VisualStudioVersion = 16.0.29102.190
MinimumVisualStudioVersion = 10.0.40219.1
Project("{888888A0-9F3D-457C-B088-3A5042F75D52}") = "testtomegindex", "testtomegindex\testtomegindex.pyproj", "{341F547A-C3B9-429F-96CA-0E5F4A42FB06}"
EndProject
Global
	GlobalSection(SolutionConfigurationPlatforms) = preSolution
		Debug|Any CPU = Debug|Any CPU
		Release|Any CPU = Release|Any CPU
	EndGlobalSection
	GlobalSection(ProjectConfigurationPlatforms) = postSolution
		{341F547A-C3B9-429F-96CA-0E5F4A42FB06}.Debug|Any CPU.ActiveCfg = Debug|Any CPU
		{341F547A-C3B9-429F-96CA-0E5F4A42FB06}.Release|Any CPU.ActiveCfg = Release|Any CPU
	EndGlobalSection
	GlobalSection(SolutionProperties) = preSolution
		HideSolutionNode = FALSE
	EndGlobalSection
	GlobalSection(ExtensibilityGlobals) = postSolution
		SolutionGuid = {EC93ABBC-B53E-4CA4-A738-DBE2387A1872}
	EndGlobalSection
EndGlobal
